// !$*UTF8*$!
{
	archiveVersion = 1;
	classes = {
	};
	objectVersion = 48;
	objects = {

/* Begin PBXBuildFile section */
		848DAF51209472B700FAE157 /* AppDelegate.swift in Sources */ = {isa = PBXBuildFile; fileRef = 848DAF50209472B700FAE157 /* AppDelegate.swift */; };
		848DAF53209472B700FAE157 /* ViewController.swift in Sources */ = {isa = PBXBuildFile; fileRef = 848DAF52209472B700FAE157 /* ViewController.swift */; };
		848DAF56209472B700FAE157 /* Main.storyboard in Resources */ = {isa = PBXBuildFile; fileRef = 848DAF54209472B700FAE157 /* Main.storyboard */; };
		848DAF58209472B700FAE157 /* Assets.xcassets in Resources */ = {isa = PBXBuildFile; fileRef = 848DAF57209472B700FAE157 /* Assets.xcassets */; };
		848DAF5B209472B700FAE157 /* LaunchScreen.storyboard in Resources */ = {isa = PBXBuildFile; fileRef = 848DAF59209472B700FAE157 /* LaunchScreen.storyboard */; };
		848DAF6320947C5C00FAE157 /* Home.storyboard in Resources */ = {isa = PBXBuildFile; fileRef = 848DAF6220947C5C00FAE157 /* Home.storyboard */; };
		848DAF652096527600FAE157 /* Mak24ViewController.swift in Sources */ = {isa = PBXBuildFile; fileRef = 848DAF642096527600FAE157 /* Mak24ViewController.swift */; };
		848DAF6720984C2B00FAE157 /* AssignNumbers.storyboard in Resources */ = {isa = PBXBuildFile; fileRef = 848DAF6620984C2B00FAE157 /* AssignNumbers.storyboard */; };
		848DAF6920984C5600FAE157 /* AssignNumbers.swift in Sources */ = {isa = PBXBuildFile; fileRef = 848DAF6820984C5600FAE157 /* AssignNumbers.swift */; };
/* End PBXBuildFile section */

/* Begin PBXFileReference section */
		848DAF4D209472B700FAE157 /* Make24.app */ = {isa = PBXFileReference; explicitFileType = wrapper.application; includeInIndex = 0; path = Make24.app; sourceTree = BUILT_PRODUCTS_DIR; };
		848DAF50209472B700FAE157 /* AppDelegate.swift */ = {isa = PBXFileReference; lastKnownFileType = sourcecode.swift; path = AppDelegate.swift; sourceTree = "<group>"; };
		848DAF52209472B700FAE157 /* ViewController.swift */ = {isa = PBXFileReference; lastKnownFileType = sourcecode.swift; path = ViewController.swift; sourceTree = "<group>"; };
		848DAF55209472B700FAE157 /* Base */ = {isa = PBXFileReference; lastKnownFileType = file.storyboard; name = Base; path = Base.lproj/Main.storyboard; sourceTree = "<group>"; };
		848DAF57209472B700FAE157 /* Assets.xcassets */ = {isa = PBXFileReference; lastKnownFileType = folder.assetcatalog; path = Assets.xcassets; sourceTree = "<group>"; };
		848DAF5A209472B700FAE157 /* Base */ = {isa = PBXFileReference; lastKnownFileType = file.storyboard; name = Base; path = Base.lproj/LaunchScreen.storyboard; sourceTree = "<group>"; };
		848DAF5C209472B700FAE157 /* Info.plist */ = {isa = PBXFileReference; lastKnownFileType = text.plist.xml; path = Info.plist; sourceTree = "<group>"; };
		848DAF6220947C5C00FAE157 /* Home.storyboard */ = {isa = PBXFileReference; lastKnownFileType = file.storyboard; path = Home.storyboard; sourceTree = "<group>"; };
		848DAF642096527600FAE157 /* Mak24ViewController.swift */ = {isa = PBXFileReference; lastKnownFileType = sourcecode.swift; path = Mak24ViewController.swift; sourceTree = "<group>"; };
		848DAF6620984C2B00FAE157 /* AssignNumbers.storyboard */ = {isa = PBXFileReference; lastKnownFileType = file.storyboard; path = AssignNumbers.storyboard; sourceTree = "<group>"; };
		848DAF6820984C5600FAE157 /* AssignNumbers.swift */ = {isa = PBXFileReference; lastKnownFileType = sourcecode.swift; path = AssignNumbers.swift; sourceTree = "<group>"; };
/* End PBXFileReference section */

/* Begin PBXFrameworksBuildPhase section */
		848DAF4A209472B600FAE157 /* Frameworks */ = {
			isa = PBXFrameworksBuildPhase;
			buildActionMask = 2147483647;
			files = (
			);
			runOnlyForDeploymentPostprocessing = 0;
		};
/* End PBXFrameworksBuildPhase section */

/* Begin PBXGroup section */
		848DAF44209472B600FAE157 = {
			isa = PBXGroup;
			children = (
				848DAF4F209472B700FAE157 /* Make24 */,
				848DAF4E209472B700FAE157 /* Products */,
			);
			sourceTree = "<group>";
		};
		848DAF4E209472B700FAE157 /* Products */ = {
			isa = PBXGroup;
			children = (
				848DAF4D209472B700FAE157 /* Make24.app */,
			);
			name = Products;
			sourceTree = "<group>";
		};
		848DAF4F209472B700FAE157 /* Make24 */ = {
			isa = PBXGroup;
			children = (
				848DAF50209472B700FAE157 /* AppDelegate.swift */,
				848DAF52209472B700FAE157 /* ViewController.swift */,
				848DAF54209472B700FAE157 /* Main.storyboard */,
				848DAF642096527600FAE157 /* Mak24ViewController.swift */,
				848DAF57209472B700FAE157 /* Assets.xcassets */,
				848DAF59209472B700FAE157 /* LaunchScreen.storyboard */,
				848DAF5C209472B700FAE157 /* Info.plist */,
				848DAF6220947C5C00FAE157 /* Home.storyboard */,
				848DAF6620984C2B00FAE157 /* AssignNumbers.storyboard */,
				848DAF6820984C5600FAE157 /* AssignNumbers.swift */,
			);
			path = Make24;
			sourceTree = "<group>";
		};
/* End PBXGroup section */

/* Begin PBXNativeTarget section */
		848DAF4C209472B600FAE157 /* Make24 */ = {
			isa = PBXNativeTarget;
			buildConfigurationList = 848DAF5F209472B700FAE157 /* Build configuration list for PBXNativeTarget "Make24" */;
			buildPhases = (
				848DAF49209472B600FAE157 /* Sources */,
				848DAF4A209472B600FAE157 /* Frameworks */,
				848DAF4B209472B600FAE157 /* Resources */,
			);
			buildRules = (
			);
			dependencies = (
			);
			name = Make24;
			productName = Make24;
			productReference = 848DAF4D209472B700FAE157 /* Make24.app */;
			productType = "com.apple.product-type.application";
		};
/* End PBXNativeTarget section */

/* Begin PBXProject section */
		848DAF45209472B600FAE157 /* Project object */ = {
			isa = PBXProject;
			attributes = {
				LastSwiftUpdateCheck = 0920;
				LastUpgradeCheck = 0920;
				ORGANIZATIONNAME = admin;
				TargetAttributes = {
					848DAF4C209472B600FAE157 = {
						CreatedOnToolsVersion = 9.2;
						ProvisioningStyle = Automatic;
					};
				};
			};
			buildConfigurationList = 848DAF48209472B600FAE157 /* Build configuration list for PBXProject "Make24" */;
			compatibilityVersion = "Xcode 8.0";
			developmentRegion = en;
			hasScannedForEncodings = 0;
			knownRegions = (
				en,
				Base,
			);
			mainGroup = 848DAF44209472B600FAE157;
			productRefGroup = 848DAF4E209472B700FAE157 /* Products */;
			projectDirPath = "";
			projectRoot = "";
			targets = (
				848DAF4C209472B600FAE157 /* Make24 */,
			);
		};
/* End PBXProject section */

/* Begin PBXResourcesBuildPhase section */
		848DAF4B209472B600FAE157 /* Resources */ = {
			isa = PBXResourcesBuildPhase;
			buildActionMask = 2147483647;
			files = (
				848DAF5B209472B700FAE157 /* LaunchScreen.storyboard in Resources */,
				848DAF58209472B700FAE157 /* Assets.xcassets in Resources */,
				848DAF56209472B700FAE157 /* Main.storyboard in Resources */,
				848DAF6320947C5C00FAE157 /* Home.storyboard in Resources */,
				848DAF6720984C2B00FAE157 /* AssignNumbers.storyboard in Resources */,
			);
			runOnlyForDeploymentPostprocessing = 0;
		};
/* End PBXResourcesBuildPhase section */

/* Begin PBXSourcesBuildPhase section */
		848DAF49209472B600FAE157 /* Sources */ = {
			isa = PBXSourcesBuildPhase;
			buildActionMask = 2147483647;
			files = (
				848DAF53209472B700FAE157 /* ViewController.swift in Sources */,
				848DAF652096527600FAE157 /* Mak24ViewController.swift in Sources */,
				848DAF51209472B700FAE157 /* AppDelegate.swift in Sources */,
				848DAF6920984C5600FAE157 /* AssignNumbers.swift in Sources */,
			);
			runOnlyForDeploymentPostprocessing = 0;
		};
/* End PBXSourcesBuildPhase section */

/* Begin PBXVariantGroup section */
		848DAF54209472B700FAE157 /* Main.storyboard */ = {
			isa = PBXVariantGroup;
			children = (
				848DAF55209472B700FAE157 /* Base */,
			);
			name = Main.storyboard;
			sourceTree = "<group>";
		};
		848DAF59209472B700FAE157 /* LaunchScreen.storyboard */ = {
			isa = PBXVariantGroup;
			children = (
				848DAF5A209472B700FAE157 /* Base */,
			);
			name = LaunchScreen.storyboard;
			sourceTree = "<group>";
		};
/* End PBXVariantGroup section */

/* Begin XCBuildConfiguration section */
		848DAF5D209472B700FAE157 /* Debug */ = {
			isa = XCBuildConfiguration;
			buildSettings = {
				ALWAYS_SEARCH_USER_PATHS = NO;
				CLANG_ANALYZER_NONNULL = YES;
				CLANG_ANALYZER_NUMBER_OBJECT_CONVERSION = YES_AGGRESSIVE;
				CLANG_CXX_LANGUAGE_STANDARD = "gnu++14";
				CLANG_CXX_LIBRARY = "libc++";
				CLANG_ENABLE_MODULES = YES;
				CLANG_ENABLE_OBJC_ARC = YES;
				CLANG_WARN_BLOCK_CAPTURE_AUTORELEASING = YES;
				CLANG_WARN_BOOL_CONVERSION = YES;
				CLANG_WARN_COMMA = YES;
				CLANG_WARN_CONSTANT_CONVERSION = YES;
				CLANG_WARN_DIRECT_OBJC_ISA_USAGE = YES_ERROR;
				CLANG_WARN_DOCUMENTATION_COMMENTS = YES;
				CLANG_WARN_EMPTY_BODY = YES;
				CLANG_WARN_ENUM_CONVERSION = YES;
				CLANG_WARN_INFINITE_RECURSION = YES;
				CLANG_WARN_INT_CONVERSION = YES;
				CLANG_WARN_NON_LITERAL_NULL_CONVERSION = YES;
				CLANG_WARN_OBJC_LITERAL_CONVERSION = YES;
				CLANG_WARN_OBJC_ROOT_CLASS = YES_ERROR;
				CLANG_WARN_RANGE_LOOP_ANALYSIS = YES;
				CLANG_WARN_STRICT_PROTOTYPES = YES;
				CLANG_WARN_SUSPICIOUS_MOVE = YES;
				CLANG_WARN_UNGUARDED_AVAILABILITY = YES_AGGRESSIVE;
				CLANG_WARN_UNREACHABLE_CODE = YES;
				CLANG_WARN__DUPLICATE_METHOD_MATCH = YES;
				CODE_SIGN_IDENTITY = "iPhone Developer";
				COPY_PHASE_STRIP = NO;
				DEBUG_INFORMATION_FORMAT = dwarf;
				ENABLE_STRICT_OBJC_MSGSEND = YES;
				ENABLE_TESTABILITY = YES;
				GCC_C_LANGUAGE_STANDARD = gnu11;
				GCC_DYNAMIC_NO_PIC = NO;
				GCC_NO_COMMON_BLOCKS = YES;
				GCC_OPTIMIZATION_LEVEL = 0;
				GCC_PREPROCESSOR_DEFINITIONS = (
					"DEBUG=1",
					"$(inherited)",
				);
				GCC_WARN_64_TO_32_BIT_CONVERSION = YES;
				GCC_WARN_ABOUT_RETURN_TYPE = YES_ERROR;
				GCC_WARN_UNDECLARED_SELECTOR = YES;
				GCC_WARN_UNINITIALIZED_AUTOS = YES_AGGRESSIVE;
				GCC_WARN_UNUSED_FUNCTION = YES;
				GCC_WARN_UNUSED_VARIABLE = YES;
				IPHONEOS_DEPLOYMENT_TARGET = 11.2;
				MTL_ENABLE_DEBUG_INFO = YES;
				ONLY_ACTIVE_ARCH = YES;
				SDKROOT = iphoneos;
				SWIFT_ACTIVE_COMPILATION_CONDITIONS = DEBUG;
				SWIFT_OPTIMIZATION_LEVEL = "-Onone";
			};
			name = Debug;
		};
		848DAF5E209472B700FAE157 /* Release */ = {
			isa = XCBuildConfiguration;
			buildSettings = {
				ALWAYS_SEARCH_USER_PATHS = NO;
				CLANG_ANALYZER_NONNULL = YES;
				CLANG_ANALYZER_NUMBER_OBJECT_CONVERSION = YES_AGGRESSIVE;
				CLANG_CXX_LANGUAGE_STANDARD = "gnu++14";
				CLANG_CXX_LIBRARY = "libc++";
				CLANG_ENABLE_MODULES = YES;
				CLANG_ENABLE_OBJC_ARC = YES;
				CLANG_WARN_BLOCK_CAPTURE_AUTORELEASING = YES;
				CLANG_WARN_BOOL_CONVERSION = YES;
				CLANG_WARN_COMMA = YES;
				CLANG_WARN_CONSTANT_CONVERSION = YES;
				CLANG_WARN_DIRECT_OBJC_ISA_USAGE = YES_ERROR;
				CLANG_WARN_DOCUMENTATION_COMMENTS = YES;
				CLANG_WARN_EMPTY_BODY = YES;
				CLANG_WARN_ENUM_CONVERSION = YES;
				CLANG_WARN_INFINITE_RECURSION = YES;
				CLANG_WARN_INT_CONVERSION = YES;
				CLANG_WARN_NON_LITERAL_NULL_CONVERSION = YES;
				CLANG_WARN_OBJC_LITERAL_CONVERSION = YES;
				CLANG_WARN_OBJC_ROOT_CLASS = YES_ERROR;
				CLANG_WARN_RANGE_LOOP_ANALYSIS = YES;
				CLANG_WARN_STRICT_PROTOTYPES = YES;
				CLANG_WARN_SUSPICIOUS_MOVE = YES;
				CLANG_WARN_UNGUARDED_AVAILABILITY = YES_AGGRESSIVE;
				CLANG_WARN_UNREACHABLE_CODE = YES;
				CLANG_WARN__DUPLICATE_METHOD_MATCH = YES;
				CODE_SIGN_IDENTITY = "iPhone Developer";
				COPY_PHASE_STRIP = NO;
				DEBUG_INFORMATION_FORMAT = "dwarf-with-dsym";
				ENABLE_NS_ASSERTIONS = NO;
				ENABLE_STRICT_OBJC_MSGSEND = YES;
				GCC_C_LANGUAGE_STANDARD = gnu11;
				GCC_NO_COMMON_BLOCKS = YES;
				GCC_WARN_64_TO_32_BIT_CONVERSION = YES;
				GCC_WARN_ABOUT_RETURN_TYPE = YES_ERROR;
				GCC_WARN_UNDECLARED_SELECTOR = YES;
				GCC_WARN_UNINITIALIZED_AUTOS = YES_AGGRESSIVE;
				GCC_WARN_UNUSED_FUNCTION = YES;
				GCC_WARN_UNUSED_VARIABLE = YES;
				IPHONEOS_DEPLOYMENT_TARGET = 11.2;
				MTL_ENABLE_DEBUG_INFO = NO;
				SDKROOT = iphoneos;
				SWIFT_OPTIMIZATION_LEVEL = "-Owholemodule";
				VALIDATE_PRODUCT = YES;
			};
			name = Release;
		};
		848DAF60209472B700FAE157 /* Debug */ = {
			isa = XCBuildConfiguration;
			buildSettings = {
				ASSETCATALOG_COMPILER_APPICON_NAME = AppIcon;
				CODE_SIGN_STYLE = Automatic;
				INFOPLIST_FILE = Make24/Info.plist;
				LD_RUNPATH_SEARCH_PATHS = "$(inherited) @executable_path/Frameworks";
				PRODUCT_BUNDLE_IDENTIFIER = com.ios.Make24;
				PRODUCT_NAME = "$(TARGET_NAME)";
				SWIFT_VERSION = 4.0;
				TARGETED_DEVICE_FAMILY = "1,2";
			};
			name = Debug;
		};
		848DAF61209472B700FAE157 /* Release */ = {
			isa = XCBuildConfiguration;
			buildSettings = {
				ASSETCATALOG_COMPILER_APPICON_NAME = AppIcon;
				CODE_SIGN_STYLE = Automatic;
				INFOPLIST_FILE = Make24/Info.plist;
				LD_RUNPATH_SEARCH_PATHS = "$(inherited) @executable_path/Frameworks";
				PRODUCT_BUNDLE_IDENTIFIER = com.ios.Make24;
				PRODUCT_NAME = "$(TARGET_NAME)";
				SWIFT_VERSION = 4.0;
				TARGETED_DEVICE_FAMILY = "1,2";
			};
			name = Release;
		};
/* End XCBuildConfiguration section */

/* Begin XCConfigurationList section */
		848DAF48209472B600FAE157 /* Build configuration list for PBXProject "Make24" */ = {
			isa = XCConfigurationList;
			buildConfigurations = (
				848DAF5D209472B700FAE157 /* Debug */,
				848DAF5E209472B700FAE157 /* Release */,
			);
			defaultConfigurationIsVisible = 0;
			defaultConfigurationName = Release;
		};
		848DAF5F209472B700FAE157 /* Build configuration list for PBXNativeTarget "Make24" */ = {
			isa = XCConfigurationList;
			buildConfigurations = (
				848DAF60209472B700FAE157 /* Debug */,
				848DAF61209472B700FAE157 /* Release */,
			);
			defaultConfigurationIsVisible = 0;
			defaultConfigurationName = Release;
		};
/* End XCConfigurationList section */
	};
	rootObject = 848DAF45209472B600FAE157 /* Project object */;
}
